// !$*UTF8*$!
{
	archiveVersion = 1;
	classes = {
	};
	objectVersion = 50;
	objects = {

/* Begin PBXBuildFile section */
		A1190DDB21085A0C00377C31 /* UIViewExtension.swift in Sources */ = {isa = PBXBuildFile; fileRef = A1190DDA21085A0C00377C31 /* UIViewExtension.swift */; };
		A19242CD2105566C00588FF6 /* FilePathRelated.swift in Sources */ = {isa = PBXBuildFile; fileRef = A19242CC2105566C00588FF6 /* FilePathRelated.swift */; };
		A1ADBF22210064AD00076422 /* ARSpaceViewController.swift in Sources */ = {isa = PBXBuildFile; fileRef = A1ADBF21210064AD00076422 /* ARSpaceViewController.swift */; };
		A1E11B2420F81147000B36E5 /* AppDelegate.swift in Sources */ = {isa = PBXBuildFile; fileRef = A1E11B2320F81147000B36E5 /* AppDelegate.swift */; };
		A1E11B2620F81147000B36E5 /* art.scnassets in Resources */ = {isa = PBXBuildFile; fileRef = A1E11B2520F81147000B36E5 /* art.scnassets */; };
		A1E11B2820F81147000B36E5 /* ViewController.swift in Sources */ = {isa = PBXBuildFile; fileRef = A1E11B2720F81147000B36E5 /* ViewController.swift */; };
		A1E11B2B20F81147000B36E5 /* Main.storyboard in Resources */ = {isa = PBXBuildFile; fileRef = A1E11B2920F81147000B36E5 /* Main.storyboard */; };
		A1E11B2D20F81148000B36E5 /* Assets.xcassets in Resources */ = {isa = PBXBuildFile; fileRef = A1E11B2C20F81148000B36E5 /* Assets.xcassets */; };
		A1E11B3020F81148000B36E5 /* LaunchScreen.storyboard in Resources */ = {isa = PBXBuildFile; fileRef = A1E11B2E20F81148000B36E5 /* LaunchScreen.storyboard */; };
		A1E11B3B20F81149000B36E5 /* ARSpaceTests.swift in Sources */ = {isa = PBXBuildFile; fileRef = A1E11B3A20F81149000B36E5 /* ARSpaceTests.swift */; };
		A1E11B4620F81149000B36E5 /* ARSpaceUITests.swift in Sources */ = {isa = PBXBuildFile; fileRef = A1E11B4520F81149000B36E5 /* ARSpaceUITests.swift */; };
		A1E11B5F20F81611000B36E5 /* Gear360.framework in Frameworks */ = {isa = PBXBuildFile; fileRef = A1E11B5E20F81611000B36E5 /* Gear360.framework */; };
		A1E11B6120F816B6000B36E5 /* Gear360.framework in Embed Frameworks */ = {isa = PBXBuildFile; fileRef = A1E11B5E20F81611000B36E5 /* Gear360.framework */; settings = {ATTRIBUTES = (CodeSignOnCopy, RemoveHeadersOnCopy, ); }; };
		A1E11B6420F81AA6000B36E5 /* DeviceManager.swift in Sources */ = {isa = PBXBuildFile; fileRef = A1E11B6320F81AA6000B36E5 /* DeviceManager.swift */; };
		A1E11B6620F87D05000B36E5 /* AlbumCell.swift in Sources */ = {isa = PBXBuildFile; fileRef = A1E11B6520F87D05000B36E5 /* AlbumCell.swift */; };
		A1E11B6A20F88196000B36E5 /* AlbumViewController.swift in Sources */ = {isa = PBXBuildFile; fileRef = A1E11B6920F88196000B36E5 /* AlbumViewController.swift */; };
		A1E11B6C20F883F1000B36E5 /* ARCameraViewController.swift in Sources */ = {isa = PBXBuildFile; fileRef = A1E11B6B20F883F1000B36E5 /* ARCameraViewController.swift */; };
		A1E11B6E20F884C8000B36E5 /* DialogBox.swift in Sources */ = {isa = PBXBuildFile; fileRef = A1E11B6D20F884C8000B36E5 /* DialogBox.swift */; };
		A1E11B7020F9B7ED000B36E5 /* CameraManager.swift in Sources */ = {isa = PBXBuildFile; fileRef = A1E11B6F20F9B7ED000B36E5 /* CameraManager.swift */; };
		A1E11B7220FDC54C000B36E5 /* FileManager.swift in Sources */ = {isa = PBXBuildFile; fileRef = A1E11B7120FDC54C000B36E5 /* FileManager.swift */; };
/* End PBXBuildFile section */

/* Begin PBXContainerItemProxy section */
		A1E11B3720F81149000B36E5 /* PBXContainerItemProxy */ = {
			isa = PBXContainerItemProxy;
			containerPortal = A1E11B1820F81147000B36E5 /* Project object */;
			proxyType = 1;
			remoteGlobalIDString = A1E11B1F20F81147000B36E5;
			remoteInfo = ARSpace;
		};
		A1E11B4220F81149000B36E5 /* PBXContainerItemProxy */ = {
			isa = PBXContainerItemProxy;
			containerPortal = A1E11B1820F81147000B36E5 /* Project object */;
			proxyType = 1;
			remoteGlobalIDString = A1E11B1F20F81147000B36E5;
			remoteInfo = ARSpace;
		};
/* End PBXContainerItemProxy section */

/* Begin PBXCopyFilesBuildPhase section */
		A1E11B6220F816B7000B36E5 /* Embed Frameworks */ = {
			isa = PBXCopyFilesBuildPhase;
			buildActionMask = 2147483647;
			dstPath = "";
			dstSubfolderSpec = 10;
			files = (
				A1E11B6120F816B6000B36E5 /* Gear360.framework in Embed Frameworks */,
			);
			name = "Embed Frameworks";
			runOnlyForDeploymentPostprocessing = 0;
		};
/* End PBXCopyFilesBuildPhase section */

/* Begin PBXFileReference section */
		A1190DDA21085A0C00377C31 /* UIViewExtension.swift */ = {isa = PBXFileReference; lastKnownFileType = sourcecode.swift; path = UIViewExtension.swift; sourceTree = "<group>"; };
		A19242CC2105566C00588FF6 /* FilePathRelated.swift */ = {isa = PBXFileReference; lastKnownFileType = sourcecode.swift; path = FilePathRelated.swift; sourceTree = "<group>"; };
		A1ADBF21210064AD00076422 /* ARSpaceViewController.swift */ = {isa = PBXFileReference; lastKnownFileType = sourcecode.swift; path = ARSpaceViewController.swift; sourceTree = "<group>"; };
		A1E11B2020F81147000B36E5 /* ARSpace.app */ = {isa = PBXFileReference; explicitFileType = wrapper.application; includeInIndex = 0; path = ARSpace.app; sourceTree = BUILT_PRODUCTS_DIR; };
		A1E11B2320F81147000B36E5 /* AppDelegate.swift */ = {isa = PBXFileReference; lastKnownFileType = sourcecode.swift; path = AppDelegate.swift; sourceTree = "<group>"; };
		A1E11B2520F81147000B36E5 /* art.scnassets */ = {isa = PBXFileReference; lastKnownFileType = wrapper.scnassets; path = art.scnassets; sourceTree = "<group>"; };
		A1E11B2720F81147000B36E5 /* ViewController.swift */ = {isa = PBXFileReference; lastKnownFileType = sourcecode.swift; path = ViewController.swift; sourceTree = "<group>"; };
		A1E11B2A20F81147000B36E5 /* Base */ = {isa = PBXFileReference; lastKnownFileType = file.storyboard; name = Base; path = Base.lproj/Main.storyboard; sourceTree = "<group>"; };
		A1E11B2C20F81148000B36E5 /* Assets.xcassets */ = {isa = PBXFileReference; lastKnownFileType = folder.assetcatalog; path = Assets.xcassets; sourceTree = "<group>"; };
		A1E11B2F20F81148000B36E5 /* Base */ = {isa = PBXFileReference; lastKnownFileType = file.storyboard; name = Base; path = Base.lproj/LaunchScreen.storyboard; sourceTree = "<group>"; };
		A1E11B3120F81148000B36E5 /* Info.plist */ = {isa = PBXFileReference; lastKnownFileType = text.plist.xml; path = Info.plist; sourceTree = "<group>"; };
		A1E11B3620F81149000B36E5 /* ARSpaceTests.xctest */ = {isa = PBXFileReference; explicitFileType = wrapper.cfbundle; includeInIndex = 0; path = ARSpaceTests.xctest; sourceTree = BUILT_PRODUCTS_DIR; };
		A1E11B3A20F81149000B36E5 /* ARSpaceTests.swift */ = {isa = PBXFileReference; lastKnownFileType = sourcecode.swift; path = ARSpaceTests.swift; sourceTree = "<group>"; };
		A1E11B3C20F81149000B36E5 /* Info.plist */ = {isa = PBXFileReference; lastKnownFileType = text.plist.xml; path = Info.plist; sourceTree = "<group>"; };
		A1E11B4120F81149000B36E5 /* ARSpaceUITests.xctest */ = {isa = PBXFileReference; explicitFileType = wrapper.cfbundle; includeInIndex = 0; path = ARSpaceUITests.xctest; sourceTree = BUILT_PRODUCTS_DIR; };
		A1E11B4520F81149000B36E5 /* ARSpaceUITests.swift */ = {isa = PBXFileReference; lastKnownFileType = sourcecode.swift; path = ARSpaceUITests.swift; sourceTree = "<group>"; };
		A1E11B4720F81149000B36E5 /* Info.plist */ = {isa = PBXFileReference; lastKnownFileType = text.plist.xml; path = Info.plist; sourceTree = "<group>"; };
		A1E11B5320F811AC000B36E5 /* HeaderBridging.h */ = {isa = PBXFileReference; lastKnownFileType = sourcecode.c.h; path = HeaderBridging.h; sourceTree = "<group>"; };
		A1E11B5E20F81611000B36E5 /* Gear360.framework */ = {isa = PBXFileReference; lastKnownFileType = wrapper.framework; path = Gear360.framework; sourceTree = "<group>"; };
		A1E11B6320F81AA6000B36E5 /* DeviceManager.swift */ = {isa = PBXFileReference; lastKnownFileType = sourcecode.swift; path = DeviceManager.swift; sourceTree = "<group>"; };
		A1E11B6520F87D05000B36E5 /* AlbumCell.swift */ = {isa = PBXFileReference; lastKnownFileType = sourcecode.swift; path = AlbumCell.swift; sourceTree = "<group>"; };
		A1E11B6920F88196000B36E5 /* AlbumViewController.swift */ = {isa = PBXFileReference; lastKnownFileType = sourcecode.swift; path = AlbumViewController.swift; sourceTree = "<group>"; };
		A1E11B6B20F883F1000B36E5 /* ARCameraViewController.swift */ = {isa = PBXFileReference; lastKnownFileType = sourcecode.swift; path = ARCameraViewController.swift; sourceTree = "<group>"; };
		A1E11B6D20F884C8000B36E5 /* DialogBox.swift */ = {isa = PBXFileReference; lastKnownFileType = sourcecode.swift; path = DialogBox.swift; sourceTree = "<group>"; };
		A1E11B6F20F9B7ED000B36E5 /* CameraManager.swift */ = {isa = PBXFileReference; lastKnownFileType = sourcecode.swift; path = CameraManager.swift; sourceTree = "<group>"; };
		A1E11B7120FDC54C000B36E5 /* FileManager.swift */ = {isa = PBXFileReference; lastKnownFileType = sourcecode.swift; path = FileManager.swift; sourceTree = "<group>"; };
/* End PBXFileReference section */

/* Begin PBXFrameworksBuildPhase section */
		A1E11B1D20F81147000B36E5 /* Frameworks */ = {
			isa = PBXFrameworksBuildPhase;
			buildActionMask = 2147483647;
			files = (
				A1E11B5F20F81611000B36E5 /* Gear360.framework in Frameworks */,
			);
			runOnlyForDeploymentPostprocessing = 0;
		};
		A1E11B3320F81149000B36E5 /* Frameworks */ = {
			isa = PBXFrameworksBuildPhase;
			buildActionMask = 2147483647;
			files = (
			);
			runOnlyForDeploymentPostprocessing = 0;
		};
		A1E11B3E20F81149000B36E5 /* Frameworks */ = {
			isa = PBXFrameworksBuildPhase;
			buildActionMask = 2147483647;
			files = (
			);
			runOnlyForDeploymentPostprocessing = 0;
		};
/* End PBXFrameworksBuildPhase section */

/* Begin PBXGroup section */
		A1E11B1720F81147000B36E5 = {
			isa = PBXGroup;
			children = (
				A1190DDA21085A0C00377C31 /* UIViewExtension.swift */,
				A1E11B2220F81147000B36E5 /* ARSpace */,
				A1E11B3920F81149000B36E5 /* ARSpaceTests */,
				A1E11B4420F81149000B36E5 /* ARSpaceUITests */,
				A1E11B2120F81147000B36E5 /* Products */,
				A1E11B5820F814A9000B36E5 /* Frameworks */,
			);
			sourceTree = "<group>";
		};
		A1E11B2120F81147000B36E5 /* Products */ = {
			isa = PBXGroup;
			children = (
				A1E11B2020F81147000B36E5 /* ARSpace.app */,
				A1E11B3620F81149000B36E5 /* ARSpaceTests.xctest */,
				A1E11B4120F81149000B36E5 /* ARSpaceUITests.xctest */,
			);
			name = Products;
			sourceTree = "<group>";
		};
		A1E11B2220F81147000B36E5 /* ARSpace */ = {
			isa = PBXGroup;
			children = (
				A1E11B5E20F81611000B36E5 /* Gear360.framework */,
				A1E11B2320F81147000B36E5 /* AppDelegate.swift */,
				A1E11B2520F81147000B36E5 /* art.scnassets */,
				A1E11B6320F81AA6000B36E5 /* DeviceManager.swift */,
				A1E11B6F20F9B7ED000B36E5 /* CameraManager.swift */,
				A1E11B2920F81147000B36E5 /* Main.storyboard */,
				A1E11B2720F81147000B36E5 /* ViewController.swift */,
				A1E11B2C20F81148000B36E5 /* Assets.xcassets */,
				A1E11B2E20F81148000B36E5 /* LaunchScreen.storyboard */,
				A1E11B3120F81148000B36E5 /* Info.plist */,
				A1E11B5320F811AC000B36E5 /* HeaderBridging.h */,
				A1E11B6520F87D05000B36E5 /* AlbumCell.swift */,
				A19242CC2105566C00588FF6 /* FilePathRelated.swift */,
				A1E11B6920F88196000B36E5 /* AlbumViewController.swift */,
				A1E11B6B20F883F1000B36E5 /* ARCameraViewController.swift */,
				A1E11B6D20F884C8000B36E5 /* DialogBox.swift */,
				A1E11B7120FDC54C000B36E5 /* FileManager.swift */,
				A1ADBF21210064AD00076422 /* ARSpaceViewController.swift */,
			);
			path = ARSpace;
			sourceTree = "<group>";
		};
		A1E11B3920F81149000B36E5 /* ARSpaceTests */ = {
			isa = PBXGroup;
			children = (
				A1E11B3A20F81149000B36E5 /* ARSpaceTests.swift */,
				A1E11B3C20F81149000B36E5 /* Info.plist */,
			);
			path = ARSpaceTests;
			sourceTree = "<group>";
		};
		A1E11B4420F81149000B36E5 /* ARSpaceUITests */ = {
			isa = PBXGroup;
			children = (
				A1E11B4520F81149000B36E5 /* ARSpaceUITests.swift */,
				A1E11B4720F81149000B36E5 /* Info.plist */,
			);
			path = ARSpaceUITests;
			sourceTree = "<group>";
		};
		A1E11B5820F814A9000B36E5 /* Frameworks */ = {
			isa = PBXGroup;
			children = (
			);
			name = Frameworks;
			sourceTree = "<group>";
		};
/* End PBXGroup section */

/* Begin PBXNativeTarget section */
		A1E11B1F20F81147000B36E5 /* ARSpace */ = {
			isa = PBXNativeTarget;
			buildConfigurationList = A1E11B4A20F81149000B36E5 /* Build configuration list for PBXNativeTarget "ARSpace" */;
			buildPhases = (
				A1E11B1C20F81147000B36E5 /* Sources */,
				A1E11B1D20F81147000B36E5 /* Frameworks */,
				A1E11B1E20F81147000B36E5 /* Resources */,
				A1E11B6220F816B7000B36E5 /* Embed Frameworks */,
			);
			buildRules = (
			);
			dependencies = (
			);
			name = ARSpace;
			productName = ARSpace;
			productReference = A1E11B2020F81147000B36E5 /* ARSpace.app */;
			productType = "com.apple.product-type.application";
		};
		A1E11B3520F81149000B36E5 /* ARSpaceTests */ = {
			isa = PBXNativeTarget;
			buildConfigurationList = A1E11B4D20F81149000B36E5 /* Build configuration list for PBXNativeTarget "ARSpaceTests" */;
			buildPhases = (
				A1E11B3220F81149000B36E5 /* Sources */,
				A1E11B3320F81149000B36E5 /* Frameworks */,
				A1E11B3420F81149000B36E5 /* Resources */,
			);
			buildRules = (
			);
			dependencies = (
				A1E11B3820F81149000B36E5 /* PBXTargetDependency */,
			);
			name = ARSpaceTests;
			productName = ARSpaceTests;
			productReference = A1E11B3620F81149000B36E5 /* ARSpaceTests.xctest */;
			productType = "com.apple.product-type.bundle.unit-test";
		};
		A1E11B4020F81149000B36E5 /* ARSpaceUITests */ = {
			isa = PBXNativeTarget;
			buildConfigurationList = A1E11B5020F81149000B36E5 /* Build configuration list for PBXNativeTarget "ARSpaceUITests" */;
			buildPhases = (
				A1E11B3D20F81149000B36E5 /* Sources */,
				A1E11B3E20F81149000B36E5 /* Frameworks */,
				A1E11B3F20F81149000B36E5 /* Resources */,
			);
			buildRules = (
			);
			dependencies = (
				A1E11B4320F81149000B36E5 /* PBXTargetDependency */,
			);
			name = ARSpaceUITests;
			productName = ARSpaceUITests;
			productReference = A1E11B4120F81149000B36E5 /* ARSpaceUITests.xctest */;
			productType = "com.apple.product-type.bundle.ui-testing";
		};
/* End PBXNativeTarget section */

/* Begin PBXProject section */
		A1E11B1820F81147000B36E5 /* Project object */ = {
			isa = PBXProject;
			attributes = {
				LastSwiftUpdateCheck = 0940;
				LastUpgradeCheck = 0940;
				ORGANIZATIONNAME = "Devin Lim";
				TargetAttributes = {
					A1E11B1F20F81147000B36E5 = {
						CreatedOnToolsVersion = 9.4.1;
						LastSwiftMigration = 0940;
					};
					A1E11B3520F81149000B36E5 = {
						CreatedOnToolsVersion = 9.4.1;
						TestTargetID = A1E11B1F20F81147000B36E5;
					};
					A1E11B4020F81149000B36E5 = {
						CreatedOnToolsVersion = 9.4.1;
						TestTargetID = A1E11B1F20F81147000B36E5;
					};
				};
			};
			buildConfigurationList = A1E11B1B20F81147000B36E5 /* Build configuration list for PBXProject "ARSpace" */;
			compatibilityVersion = "Xcode 9.3";
			developmentRegion = en;
			hasScannedForEncodings = 0;
			knownRegions = (
				en,
				Base,
			);
			mainGroup = A1E11B1720F81147000B36E5;
			productRefGroup = A1E11B2120F81147000B36E5 /* Products */;
			projectDirPath = "";
			projectRoot = "";
			targets = (
				A1E11B1F20F81147000B36E5 /* ARSpace */,
				A1E11B3520F81149000B36E5 /* ARSpaceTests */,
				A1E11B4020F81149000B36E5 /* ARSpaceUITests */,
			);
		};
/* End PBXProject section */

/* Begin PBXResourcesBuildPhase section */
		A1E11B1E20F81147000B36E5 /* Resources */ = {
			isa = PBXResourcesBuildPhase;
			buildActionMask = 2147483647;
			files = (
				A1E11B2620F81147000B36E5 /* art.scnassets in Resources */,
				A1E11B3020F81148000B36E5 /* LaunchScreen.storyboard in Resources */,
				A1E11B2D20F81148000B36E5 /* Assets.xcassets in Resources */,
				A1E11B2B20F81147000B36E5 /* Main.storyboard in Resources */,
			);
			runOnlyForDeploymentPostprocessing = 0;
		};
		A1E11B3420F81149000B36E5 /* Resources */ = {
			isa = PBXResourcesBuildPhase;
			buildActionMask = 2147483647;
			files = (
			);
			runOnlyForDeploymentPostprocessing = 0;
		};
		A1E11B3F20F81149000B36E5 /* Resources */ = {
			isa = PBXResourcesBuildPhase;
			buildActionMask = 2147483647;
			files = (
			);
			runOnlyForDeploymentPostprocessing = 0;
		};
/* End PBXResourcesBuildPhase section */

/* Begin PBXSourcesBuildPhase section */
		A1E11B1C20F81147000B36E5 /* Sources */ = {
			isa = PBXSourcesBuildPhase;
			buildActionMask = 2147483647;
			files = (
				A1E11B6C20F883F1000B36E5 /* ARCameraViewController.swift in Sources */,
				A19242CD2105566C00588FF6 /* FilePathRelated.swift in Sources */,
				A1E11B2820F81147000B36E5 /* ViewController.swift in Sources */,
				A1E11B7020F9B7ED000B36E5 /* CameraManager.swift in Sources */,
				A1E11B6E20F884C8000B36E5 /* DialogBox.swift in Sources */,
				A1E11B6A20F88196000B36E5 /* AlbumViewController.swift in Sources */,
				A1190DDB21085A0C00377C31 /* UIViewExtension.swift in Sources */,
				A1E11B6420F81AA6000B36E5 /* DeviceManager.swift in Sources */,
				A1E11B7220FDC54C000B36E5 /* FileManager.swift in Sources */,
				A1E11B2420F81147000B36E5 /* AppDelegate.swift in Sources */,
				A1ADBF22210064AD00076422 /* ARSpaceViewController.swift in Sources */,
				A1E11B6620F87D05000B36E5 /* AlbumCell.swift in Sources */,
			);
			runOnlyForDeploymentPostprocessing = 0;
		};
		A1E11B3220F81149000B36E5 /* Sources */ = {
			isa = PBXSourcesBuildPhase;
			buildActionMask = 2147483647;
			files = (
				A1E11B3B20F81149000B36E5 /* ARSpaceTests.swift in Sources */,
			);
			runOnlyForDeploymentPostprocessing = 0;
		};
		A1E11B3D20F81149000B36E5 /* Sources */ = {
			isa = PBXSourcesBuildPhase;
			buildActionMask = 2147483647;
			files = (
				A1E11B4620F81149000B36E5 /* ARSpaceUITests.swift in Sources */,
			);
			runOnlyForDeploymentPostprocessing = 0;
		};
/* End PBXSourcesBuildPhase section */

/* Begin PBXTargetDependency section */
		A1E11B3820F81149000B36E5 /* PBXTargetDependency */ = {
			isa = PBXTargetDependency;
			target = A1E11B1F20F81147000B36E5 /* ARSpace */;
			targetProxy = A1E11B3720F81149000B36E5 /* PBXContainerItemProxy */;
		};
		A1E11B4320F81149000B36E5 /* PBXTargetDependency */ = {
			isa = PBXTargetDependency;
			target = A1E11B1F20F81147000B36E5 /* ARSpace */;
			targetProxy = A1E11B4220F81149000B36E5 /* PBXContainerItemProxy */;
		};
/* End PBXTargetDependency section */

/* Begin PBXVariantGroup section */
		A1E11B2920F81147000B36E5 /* Main.storyboard */ = {
			isa = PBXVariantGroup;
			children = (
				A1E11B2A20F81147000B36E5 /* Base */,
			);
			name = Main.storyboard;
			sourceTree = "<group>";
		};
		A1E11B2E20F81148000B36E5 /* LaunchScreen.storyboard */ = {
			isa = PBXVariantGroup;
			children = (
				A1E11B2F20F81148000B36E5 /* Base */,
			);
			name = LaunchScreen.storyboard;
			sourceTree = "<group>";
		};
/* End PBXVariantGroup section */

/* Begin XCBuildConfiguration section */
		A1E11B4820F81149000B36E5 /* Debug */ = {
			isa = XCBuildConfiguration;
			buildSettings = {
				ALWAYS_SEARCH_USER_PATHS = NO;
				CLANG_ANALYZER_NONNULL = YES;
				CLANG_ANALYZER_NUMBER_OBJECT_CONVERSION = YES_AGGRESSIVE;
				CLANG_CXX_LANGUAGE_STANDARD = "gnu++14";
				CLANG_CXX_LIBRARY = "libc++";
				CLANG_ENABLE_MODULES = YES;
				CLANG_ENABLE_OBJC_ARC = YES;
				CLANG_ENABLE_OBJC_WEAK = YES;
				CLANG_WARN_BLOCK_CAPTURE_AUTORELEASING = YES;
				CLANG_WARN_BOOL_CONVERSION = YES;
				CLANG_WARN_COMMA = YES;
				CLANG_WARN_CONSTANT_CONVERSION = YES;
				CLANG_WARN_DEPRECATED_OBJC_IMPLEMENTATIONS = YES;
				CLANG_WARN_DIRECT_OBJC_ISA_USAGE = YES_ERROR;
				CLANG_WARN_DOCUMENTATION_COMMENTS = YES;
				CLANG_WARN_EMPTY_BODY = YES;
				CLANG_WARN_ENUM_CONVERSION = YES;
				CLANG_WARN_INFINITE_RECURSION = YES;
				CLANG_WARN_INT_CONVERSION = YES;
				CLANG_WARN_NON_LITERAL_NULL_CONVERSION = YES;
				CLANG_WARN_OBJC_IMPLICIT_RETAIN_SELF = YES;
				CLANG_WARN_OBJC_LITERAL_CONVERSION = YES;
				CLANG_WARN_OBJC_ROOT_CLASS = YES_ERROR;
				CLANG_WARN_RANGE_LOOP_ANALYSIS = YES;
				CLANG_WARN_STRICT_PROTOTYPES = YES;
				CLANG_WARN_SUSPICIOUS_MOVE = YES;
				CLANG_WARN_UNGUARDED_AVAILABILITY = YES_AGGRESSIVE;
				CLANG_WARN_UNREACHABLE_CODE = YES;
				CLANG_WARN__DUPLICATE_METHOD_MATCH = YES;
				CODE_SIGN_IDENTITY = "iPhone Developer";
				COPY_PHASE_STRIP = NO;
				DEBUG_INFORMATION_FORMAT = dwarf;
				ENABLE_STRICT_OBJC_MSGSEND = YES;
				ENABLE_TESTABILITY = YES;
				GCC_C_LANGUAGE_STANDARD = gnu11;
				GCC_DYNAMIC_NO_PIC = NO;
				GCC_NO_COMMON_BLOCKS = YES;
				GCC_OPTIMIZATION_LEVEL = 0;
				GCC_PREPROCESSOR_DEFINITIONS = (
					"DEBUG=1",
					"$(inherited)",
				);
				GCC_WARN_64_TO_32_BIT_CONVERSION = YES;
				GCC_WARN_ABOUT_RETURN_TYPE = YES_ERROR;
				GCC_WARN_UNDECLARED_SELECTOR = YES;
				GCC_WARN_UNINITIALIZED_AUTOS = YES_AGGRESSIVE;
				GCC_WARN_UNUSED_FUNCTION = YES;
				GCC_WARN_UNUSED_VARIABLE = YES;
				IPHONEOS_DEPLOYMENT_TARGET = 11.4;
				MTL_ENABLE_DEBUG_INFO = YES;
				ONLY_ACTIVE_ARCH = YES;
				SDKROOT = iphoneos;
				SWIFT_ACTIVE_COMPILATION_CONDITIONS = DEBUG;
				SWIFT_OPTIMIZATION_LEVEL = "-Onone";
			};
			name = Debug;
		};
		A1E11B4920F81149000B36E5 /* Release */ = {
			isa = XCBuildConfiguration;
			buildSettings = {
				ALWAYS_SEARCH_USER_PATHS = NO;
				CLANG_ANALYZER_NONNULL = YES;
				CLANG_ANALYZER_NUMBER_OBJECT_CONVERSION = YES_AGGRESSIVE;
				CLANG_CXX_LANGUAGE_STANDARD = "gnu++14";
				CLANG_CXX_LIBRARY = "libc++";
				CLANG_ENABLE_MODULES = YES;
				CLANG_ENABLE_OBJC_ARC = YES;
				CLANG_ENABLE_OBJC_WEAK = YES;
				CLANG_WARN_BLOCK_CAPTURE_AUTORELEASING = YES;
				CLANG_WARN_BOOL_CONVERSION = YES;
				CLANG_WARN_COMMA = YES;
				CLANG_WARN_CONSTANT_CONVERSION = YES;
				CLANG_WARN_DEPRECATED_OBJC_IMPLEMENTATIONS = YES;
				CLANG_WARN_DIRECT_OBJC_ISA_USAGE = YES_ERROR;
				CLANG_WARN_DOCUMENTATION_COMMENTS = YES;
				CLANG_WARN_EMPTY_BODY = YES;
				CLANG_WARN_ENUM_CONVERSION = YES;
				CLANG_WARN_INFINITE_RECURSION = YES;
				CLANG_WARN_INT_CONVERSION = YES;
				CLANG_WARN_NON_LITERAL_NULL_CONVERSION = YES;
				CLANG_WARN_OBJC_IMPLICIT_RETAIN_SELF = YES;
				CLANG_WARN_OBJC_LITERAL_CONVERSION = YES;
				CLANG_WARN_OBJC_ROOT_CLASS = YES_ERROR;
				CLANG_WARN_RANGE_LOOP_ANALYSIS = YES;
				CLANG_WARN_STRICT_PROTOTYPES = YES;
				CLANG_WARN_SUSPICIOUS_MOVE = YES;
				CLANG_WARN_UNGUARDED_AVAILABILITY = YES_AGGRESSIVE;
				CLANG_WARN_UNREACHABLE_CODE = YES;
				CLANG_WARN__DUPLICATE_METHOD_MATCH = YES;
				CODE_SIGN_IDENTITY = "iPhone Developer";
				COPY_PHASE_STRIP = NO;
				DEBUG_INFORMATION_FORMAT = "dwarf-with-dsym";
				ENABLE_NS_ASSERTIONS = NO;
				ENABLE_STRICT_OBJC_MSGSEND = YES;
				GCC_C_LANGUAGE_STANDARD = gnu11;
				GCC_NO_COMMON_BLOCKS = YES;
				GCC_WARN_64_TO_32_BIT_CONVERSION = YES;
				GCC_WARN_ABOUT_RETURN_TYPE = YES_ERROR;
				GCC_WARN_UNDECLARED_SELECTOR = YES;
				GCC_WARN_UNINITIALIZED_AUTOS = YES_AGGRESSIVE;
				GCC_WARN_UNUSED_FUNCTION = YES;
				GCC_WARN_UNUSED_VARIABLE = YES;
				IPHONEOS_DEPLOYMENT_TARGET = 11.4;
				MTL_ENABLE_DEBUG_INFO = NO;
				SDKROOT = iphoneos;
				SWIFT_COMPILATION_MODE = wholemodule;
				SWIFT_OPTIMIZATION_LEVEL = "-O";
				VALIDATE_PRODUCT = YES;
			};
			name = Release;
		};
		A1E11B4B20F81149000B36E5 /* Debug */ = {
			isa = XCBuildConfiguration;
			buildSettings = {
				ASSETCATALOG_COMPILER_APPICON_NAME = AppIcon;
				CLANG_ENABLE_MODULES = YES;
				CODE_SIGN_STYLE = Automatic;
				DEVELOPMENT_TEAM = 2Q9LTYE74A;
				ENABLE_BITCODE = NO;
				FRAMEWORK_SEARCH_PATHS = (
					"$(inherited)",
					"$(PROJECT_DIR)/ARSpace",
				);
				INFOPLIST_FILE = ARSpace/Info.plist;
				IPHONEOS_DEPLOYMENT_TARGET = 11.2;
				LD_RUNPATH_SEARCH_PATHS = (
					"$(inherited)",
					"@executable_path/Frameworks",
				);
				PRODUCT_BUNDLE_IDENTIFIER = kh.ARSpace;
				PRODUCT_NAME = "$(TARGET_NAME)";
				SWIFT_OBJC_BRIDGING_HEADER = ARSpace/HeaderBridging.h;
				SWIFT_OPTIMIZATION_LEVEL = "-Onone";
				SWIFT_VERSION = 4.0;
				TARGETED_DEVICE_FAMILY = "1,2";
			};
			name = Debug;
		};
		A1E11B4C20F81149000B36E5 /* Release */ = {
			isa = XCBuildConfiguration;
			buildSettings = {
				ASSETCATALOG_COMPILER_APPICON_NAME = AppIcon;
				CLANG_ENABLE_MODULES = YES;
				CODE_SIGN_STYLE = Automatic;
				DEVELOPMENT_TEAM = 2Q9LTYE74A;
				ENABLE_BITCODE = NO;
				FRAMEWORK_SEARCH_PATHS = (
					"$(inherited)",
					"$(PROJECT_DIR)/ARSpace",
				);
				INFOPLIST_FILE = ARSpace/Info.plist;
				IPHONEOS_DEPLOYMENT_TARGET = 11.2;
				LD_RUNPATH_SEARCH_PATHS = (
					"$(inherited)",
					"@executable_path/Frameworks",
				);
				PRODUCT_BUNDLE_IDENTIFIER = kh.ARSpace;
				PRODUCT_NAME = "$(TARGET_NAME)";
				SWIFT_OBJC_BRIDGING_HEADER = ARSpace/HeaderBridging.h;
				SWIFT_VERSION = 4.0;
				TARGETED_DEVICE_FAMILY = "1,2";
			};
			name = Release;
		};
		A1E11B4E20F81149000B36E5 /* Debug */ = {
			isa = XCBuildConfiguration;
			buildSettings = {
				ALWAYS_EMBED_SWIFT_STANDARD_LIBRARIES = YES;
				BUNDLE_LOADER = "$(TEST_HOST)";
				CODE_SIGN_STYLE = Automatic;
				DEVELOPMENT_TEAM = D353SPAKW9;
				INFOPLIST_FILE = ARSpaceTests/Info.plist;
				LD_RUNPATH_SEARCH_PATHS = (
					"$(inherited)",
					"@executable_path/Frameworks",
					"@loader_path/Frameworks",
				);
				PRODUCT_BUNDLE_IDENTIFIER = dv.ARSpaceTests;
				PRODUCT_NAME = "$(TARGET_NAME)";
				SWIFT_VERSION = 4.0;
				TARGETED_DEVICE_FAMILY = "1,2";
				TEST_HOST = "$(BUILT_PRODUCTS_DIR)/ARSpace.app/ARSpace";
			};
			name = Debug;
		};
		A1E11B4F20F81149000B36E5 /* Release */ = {
			isa = XCBuildConfiguration;
			buildSettings = {
				ALWAYS_EMBED_SWIFT_STANDARD_LIBRARIES = YES;
				BUNDLE_LOADER = "$(TEST_HOST)";
				CODE_SIGN_STYLE = Automatic;
				DEVELOPMENT_TEAM = D353SPAKW9;
				INFOPLIST_FILE = ARSpaceTests/Info.plist;
				LD_RUNPATH_SEARCH_PATHS = (
					"$(inherited)",
					"@executable_path/Frameworks",
					"@loader_path/Frameworks",
				);
				PRODUCT_BUNDLE_IDENTIFIER = dv.ARSpaceTests;
				PRODUCT_NAME = "$(TARGET_NAME)";
				SWIFT_VERSION = 4.0;
				TARGETED_DEVICE_FAMILY = "1,2";
				TEST_HOST = "$(BUILT_PRODUCTS_DIR)/ARSpace.app/ARSpace";
			};
			name = Release;
		};
		A1E11B5120F81149000B36E5 /* Debug */ = {
			isa = XCBuildConfiguration;
			buildSettings = {
				ALWAYS_EMBED_SWIFT_STANDARD_LIBRARIES = YES;
				CODE_SIGN_STYLE = Automatic;
				DEVELOPMENT_TEAM = D353SPAKW9;
				INFOPLIST_FILE = ARSpaceUITests/Info.plist;
				LD_RUNPATH_SEARCH_PATHS = (
					"$(inherited)",
					"@executable_path/Frameworks",
					"@loader_path/Frameworks",
				);
				PRODUCT_BUNDLE_IDENTIFIER = dv.ARSpaceUITests;
				PRODUCT_NAME = "$(TARGET_NAME)";
				SWIFT_VERSION = 4.0;
				TARGETED_DEVICE_FAMILY = "1,2";
				TEST_TARGET_NAME = ARSpace;
			};
			name = Debug;
		};
		A1E11B5220F81149000B36E5 /* Release */ = {
			isa = XCBuildConfiguration;
			buildSettings = {
				ALWAYS_EMBED_SWIFT_STANDARD_LIBRARIES = YES;
				CODE_SIGN_STYLE = Automatic;
				DEVELOPMENT_TEAM = D353SPAKW9;
				INFOPLIST_FILE = ARSpaceUITests/Info.plist;
				LD_RUNPATH_SEARCH_PATHS = (
					"$(inherited)",
					"@executable_path/Frameworks",
					"@loader_path/Frameworks",
				);
				PRODUCT_BUNDLE_IDENTIFIER = dv.ARSpaceUITests;
				PRODUCT_NAME = "$(TARGET_NAME)";
				SWIFT_VERSION = 4.0;
				TARGETED_DEVICE_FAMILY = "1,2";
				TEST_TARGET_NAME = ARSpace;
			};
			name = Release;
		};
/* End XCBuildConfiguration section */

/* Begin XCConfigurationList section */
		A1E11B1B20F81147000B36E5 /* Build configuration list for PBXProject "ARSpace" */ = {
			isa = XCConfigurationList;
			buildConfigurations = (
				A1E11B4820F81149000B36E5 /* Debug */,
				A1E11B4920F81149000B36E5 /* Release */,
			);
			defaultConfigurationIsVisible = 0;
			defaultConfigurationName = Release;
		};
		A1E11B4A20F81149000B36E5 /* Build configuration list for PBXNativeTarget "ARSpace" */ = {
			isa = XCConfigurationList;
			buildConfigurations = (
				A1E11B4B20F81149000B36E5 /* Debug */,
				A1E11B4C20F81149000B36E5 /* Release */,
			);
			defaultConfigurationIsVisible = 0;
			defaultConfigurationName = Release;
		};
		A1E11B4D20F81149000B36E5 /* Build configuration list for PBXNativeTarget "ARSpaceTests" */ = {
			isa = XCConfigurationList;
			buildConfigurations = (
				A1E11B4E20F81149000B36E5 /* Debug */,
				A1E11B4F20F81149000B36E5 /* Release */,
			);
			defaultConfigurationIsVisible = 0;
			defaultConfigurationName = Release;
		};
		A1E11B5020F81149000B36E5 /* Build configuration list for PBXNativeTarget "ARSpaceUITests" */ = {
			isa = XCConfigurationList;
			buildConfigurations = (
				A1E11B5120F81149000B36E5 /* Debug */,
				A1E11B5220F81149000B36E5 /* Release */,
			);
			defaultConfigurationIsVisible = 0;
			defaultConfigurationName = Release;
		};
/* End XCConfigurationList section */
	};
	rootObject = A1E11B1820F81147000B36E5 /* Project object */;
}
